
Microsoft Visual Studio Solution File, Format Version 12.00
# Visual Studio Version 16
VisualStudioVersion = 16.0.31727.386
MinimumVisualStudioVersion = 10.0.40219.1
Project("{FAE04EC0-301F-11D3-BF4B-00C04F79EFBC}") = "BloodbankPL", "BloodbankPL\BloodbankPL.csproj", "{A7F8D299-2684-4EE4-BEA3-CCEAC02D8225}"
EndProject
Project("{FAE04EC0-301F-11D3-BF4B-00C04F79EFBC}") = "BloodbankDAL", "BloodbankDAL\BloodbankDAL.csproj", "{2698444A-67DC-4269-8565-66EBBE1BC2A1}"
EndProject
Project("{FAE04EC0-301F-11D3-BF4B-00C04F79EFBC}") = "BloodbankBAL", "BloodbankBAL\BloodbankBAL.csproj", "{79DFB85D-372E-42B5-904F-BB07FDDC43EF}"
EndProject
Project("{FAE04EC0-301F-11D3-BF4B-00C04F79EFBC}") = "BloodbankDTO", "BloodbankDTO\BloodbankDTO.csproj", "{89346504-5638-441D-AC72-19E500839FBD}"
EndProject
Project("{FAE04EC0-301F-11D3-BF4B-00C04F79EFBC}") = "bloodbankWebApp", "bloodbankWebApp\bloodbankWebApp.csproj", "{9A37A160-45FF-4228-ADAA-4D736F56FEFD}"
EndProject
Project("{FAE04EC0-301F-11D3-BF4B-00C04F79EFBC}") = "bloodbankWebAppTests", "bloodbankWebAppTests\bloodbankWebAppTests.csproj", "{670B7A2A-71B7-49A1-9641-E8516CF083E0}"
EndProject
Project("{FAE04EC0-301F-11D3-BF4B-00C04F79EFBC}") = "BloodBankMVC", "BloodBankMVC\BloodBankMVC.csproj", "{67C6B99A-0331-4914-BA6B-298DC9F845F7}"
EndProject
Global
	GlobalSection(SolutionConfigurationPlatforms) = preSolution
		Debug|Any CPU = Debug|Any CPU
		Release|Any CPU = Release|Any CPU
	EndGlobalSection
	GlobalSection(ProjectConfigurationPlatforms) = postSolution
		{A7F8D299-2684-4EE4-BEA3-CCEAC02D8225}.Debug|Any CPU.ActiveCfg = Debug|Any CPU
		{A7F8D299-2684-4EE4-BEA3-CCEAC02D8225}.Debug|Any CPU.Build.0 = Debug|Any CPU
		{A7F8D299-2684-4EE4-BEA3-CCEAC02D8225}.Release|Any CPU.ActiveCfg = Release|Any CPU
		{A7F8D299-2684-4EE4-BEA3-CCEAC02D8225}.Release|Any CPU.Build.0 = Release|Any CPU
		{2698444A-67DC-4269-8565-66EBBE1BC2A1}.Debug|Any CPU.ActiveCfg = Debug|Any CPU
		{2698444A-67DC-4269-8565-66EBBE1BC2A1}.Debug|Any CPU.Build.0 = Debug|Any CPU
		{2698444A-67DC-4269-8565-66EBBE1BC2A1}.Release|Any CPU.ActiveCfg = Release|Any CPU
		{2698444A-67DC-4269-8565-66EBBE1BC2A1}.Release|Any CPU.Build.0 = Release|Any CPU
		{79DFB85D-372E-42B5-904F-BB07FDDC43EF}.Debug|Any CPU.ActiveCfg = Debug|Any CPU
		{79DFB85D-372E-42B5-904F-BB07FDDC43EF}.Debug|Any CPU.Build.0 = Debug|Any CPU
		{79DFB85D-372E-42B5-904F-BB07FDDC43EF}.Release|Any CPU.ActiveCfg = Release|Any CPU
		{79DFB85D-372E-42B5-904F-BB07FDDC43EF}.Release|Any CPU.Build.0 = Release|Any CPU
		{89346504-5638-441D-AC72-19E500839FBD}.Debug|Any CPU.ActiveCfg = Debug|Any CPU
		{89346504-5638-441D-AC72-19E500839FBD}.Debug|Any CPU.Build.0 = Debug|Any CPU
		{89346504-5638-441D-AC72-19E500839FBD}.Release|Any CPU.ActiveCfg = Release|Any CPU
		{89346504-5638-441D-AC72-19E500839FBD}.Release|Any CPU.Build.0 = Release|Any CPU
		{9A37A160-45FF-4228-ADAA-4D736F56FEFD}.Debug|Any CPU.ActiveCfg = Debug|Any CPU
		{9A37A160-45FF-4228-ADAA-4D736F56FEFD}.Debug|Any CPU.Build.0 = Debug|Any CPU
		{9A37A160-45FF-4228-ADAA-4D736F56FEFD}.Release|Any CPU.ActiveCfg = Release|Any CPU
		{9A37A160-45FF-4228-ADAA-4D736F56FEFD}.Release|Any CPU.Build.0 = Release|Any CPU
		{670B7A2A-71B7-49A1-9641-E8516CF083E0}.Debug|Any CPU.ActiveCfg = Debug|Any CPU
		{670B7A2A-71B7-49A1-9641-E8516CF083E0}.Debug|Any CPU.Build.0 = Debug|Any CPU
		{670B7A2A-71B7-49A1-9641-E8516CF083E0}.Release|Any CPU.ActiveCfg = Release|Any CPU
		{670B7A2A-71B7-49A1-9641-E8516CF083E0}.Release|Any CPU.Build.0 = Release|Any CPU
		{67C6B99A-0331-4914-BA6B-298DC9F845F7}.Debug|Any CPU.ActiveCfg = Debug|Any CPU
		{67C6B99A-0331-4914-BA6B-298DC9F845F7}.Debug|Any CPU.Build.0 = Debug|Any CPU
		{67C6B99A-0331-4914-BA6B-298DC9F845F7}.Release|Any CPU.ActiveCfg = Release|Any CPU
		{67C6B99A-0331-4914-BA6B-298DC9F845F7}.Release|Any CPU.Build.0 = Release|Any CPU
	EndGlobalSection
	GlobalSection(SolutionProperties) = preSolution
		HideSolutionNode = FALSE
	EndGlobalSection
	GlobalSection(ExtensibilityGlobals) = postSolution
		SolutionGuid = {F9FCC6C5-B76F-46F3-92AF-5B605DF40F80}
	EndGlobalSection
EndGlobal
